// !$*UTF8*$!
{
	archiveVersion = 1;
	classes = {
	};
	objectVersion = 50;
	objects = {

/* Begin PBXBuildFile section */
		9B0A6B9823D26E590069586C /* AppDelegate.swift in Sources */ = {isa = PBXBuildFile; fileRef = 9B0A6B9723D26E590069586C /* AppDelegate.swift */; };
		9B0A6B9A23D26E590069586C /* SceneDelegate.swift in Sources */ = {isa = PBXBuildFile; fileRef = 9B0A6B9923D26E590069586C /* SceneDelegate.swift */; };
		9B0A6B9C23D26E590069586C /* ViewController.swift in Sources */ = {isa = PBXBuildFile; fileRef = 9B0A6B9B23D26E590069586C /* ViewController.swift */; };
		9B0A6B9F23D26E590069586C /* Main.storyboard in Resources */ = {isa = PBXBuildFile; fileRef = 9B0A6B9D23D26E590069586C /* Main.storyboard */; };
		9B0A6BA123D26E590069586C /* Assets.xcassets in Resources */ = {isa = PBXBuildFile; fileRef = 9B0A6BA023D26E590069586C /* Assets.xcassets */; };
		9B0A6BA423D26E590069586C /* LaunchScreen.storyboard in Resources */ = {isa = PBXBuildFile; fileRef = 9B0A6BA223D26E590069586C /* LaunchScreen.storyboard */; };
		9B0A6BAD23D26EA00069586C /* CityTableViewController.swift in Sources */ = {isa = PBXBuildFile; fileRef = 9B0A6BAC23D26EA00069586C /* CityTableViewController.swift */; };
		9B0A6BB223D2713F0069586C /* SwiftyJSON.swift in Sources */ = {isa = PBXBuildFile; fileRef = 9B0A6BB123D2713F0069586C /* SwiftyJSON.swift */; };
		9B0A6BB423D271B40069586C /* WeatherURLManager.swift in Sources */ = {isa = PBXBuildFile; fileRef = 9B0A6BB323D271B40069586C /* WeatherURLManager.swift */; };
		9B0A6BB623D275660069586C /* CityTableViewCell.swift in Sources */ = {isa = PBXBuildFile; fileRef = 9B0A6BB523D275660069586C /* CityTableViewCell.swift */; };
		9B0A6BB923D293290069586C /* ForecastData.swift in Sources */ = {isa = PBXBuildFile; fileRef = 9B0A6BB823D293290069586C /* ForecastData.swift */; };
		9B0A6BBB23D2976A0069586C /* ForecastTableViewController.swift in Sources */ = {isa = PBXBuildFile; fileRef = 9B0A6BBA23D2976A0069586C /* ForecastTableViewController.swift */; };
		9B0A6BBD23D2998F0069586C /* ForecastTableViewCell.swift in Sources */ = {isa = PBXBuildFile; fileRef = 9B0A6BBC23D2998F0069586C /* ForecastTableViewCell.swift */; };
/* End PBXBuildFile section */

/* Begin PBXFileReference section */
		9B0A6B9423D26E590069586C /* iOS_WeatherApp.app */ = {isa = PBXFileReference; explicitFileType = wrapper.application; includeInIndex = 0; path = iOS_WeatherApp.app; sourceTree = BUILT_PRODUCTS_DIR; };
		9B0A6B9723D26E590069586C /* AppDelegate.swift */ = {isa = PBXFileReference; lastKnownFileType = sourcecode.swift; path = AppDelegate.swift; sourceTree = "<group>"; };
		9B0A6B9923D26E590069586C /* SceneDelegate.swift */ = {isa = PBXFileReference; lastKnownFileType = sourcecode.swift; path = SceneDelegate.swift; sourceTree = "<group>"; };
		9B0A6B9B23D26E590069586C /* ViewController.swift */ = {isa = PBXFileReference; lastKnownFileType = sourcecode.swift; path = ViewController.swift; sourceTree = "<group>"; };
		9B0A6B9E23D26E590069586C /* Base */ = {isa = PBXFileReference; lastKnownFileType = file.storyboard; name = Base; path = Base.lproj/Main.storyboard; sourceTree = "<group>"; };
		9B0A6BA023D26E590069586C /* Assets.xcassets */ = {isa = PBXFileReference; lastKnownFileType = folder.assetcatalog; path = Assets.xcassets; sourceTree = "<group>"; };
		9B0A6BA323D26E590069586C /* Base */ = {isa = PBXFileReference; lastKnownFileType = file.storyboard; name = Base; path = Base.lproj/LaunchScreen.storyboard; sourceTree = "<group>"; };
		9B0A6BA523D26E590069586C /* Info.plist */ = {isa = PBXFileReference; lastKnownFileType = text.plist.xml; path = Info.plist; sourceTree = "<group>"; };
		9B0A6BAC23D26EA00069586C /* CityTableViewController.swift */ = {isa = PBXFileReference; lastKnownFileType = sourcecode.swift; path = CityTableViewController.swift; sourceTree = "<group>"; };
		9B0A6BB023D2713F0069586C /* SwiftyJSON.h */ = {isa = PBXFileReference; fileEncoding = 4; lastKnownFileType = sourcecode.c.h; path = SwiftyJSON.h; sourceTree = "<group>"; };
		9B0A6BB123D2713F0069586C /* SwiftyJSON.swift */ = {isa = PBXFileReference; fileEncoding = 4; lastKnownFileType = sourcecode.swift; name = SwiftyJSON.swift; path = ../../../Downloads/SwiftyJSON.swift; sourceTree = "<group>"; };
		9B0A6BB323D271B40069586C /* WeatherURLManager.swift */ = {isa = PBXFileReference; lastKnownFileType = sourcecode.swift; path = WeatherURLManager.swift; sourceTree = "<group>"; };
		9B0A6BB523D275660069586C /* CityTableViewCell.swift */ = {isa = PBXFileReference; lastKnownFileType = sourcecode.swift; path = CityTableViewCell.swift; sourceTree = "<group>"; };
		9B0A6BB823D293290069586C /* ForecastData.swift */ = {isa = PBXFileReference; lastKnownFileType = sourcecode.swift; path = ForecastData.swift; sourceTree = "<group>"; };
		9B0A6BBA23D2976A0069586C /* ForecastTableViewController.swift */ = {isa = PBXFileReference; lastKnownFileType = sourcecode.swift; path = ForecastTableViewController.swift; sourceTree = "<group>"; };
		9B0A6BBC23D2998F0069586C /* ForecastTableViewCell.swift */ = {isa = PBXFileReference; lastKnownFileType = sourcecode.swift; path = ForecastTableViewCell.swift; sourceTree = "<group>"; };
/* End PBXFileReference section */

/* Begin PBXFrameworksBuildPhase section */
		9B0A6B9123D26E590069586C /* Frameworks */ = {
			isa = PBXFrameworksBuildPhase;
			buildActionMask = 2147483647;
			files = (
			);
			runOnlyForDeploymentPostprocessing = 0;
		};
/* End PBXFrameworksBuildPhase section */

/* Begin PBXGroup section */
		9B0A6B8B23D26E590069586C = {
			isa = PBXGroup;
			children = (
				9B0A6B9623D26E590069586C /* iOS_WeatherApp */,
				9B0A6B9523D26E590069586C /* Products */,
			);
			sourceTree = "<group>";
		};
		9B0A6B9523D26E590069586C /* Products */ = {
			isa = PBXGroup;
			children = (
				9B0A6B9423D26E590069586C /* iOS_WeatherApp.app */,
			);
			name = Products;
			sourceTree = "<group>";
		};
		9B0A6B9623D26E590069586C /* iOS_WeatherApp */ = {
			isa = PBXGroup;
			children = (
				9B0A6BB723D2930C0069586C /* Model */,
				9B0A6BAB23D26E660069586C /* Controllers */,
				9B0A6B9723D26E590069586C /* AppDelegate.swift */,
				9B0A6BB023D2713F0069586C /* SwiftyJSON.h */,
				9B0A6BB123D2713F0069586C /* SwiftyJSON.swift */,
				9B0A6B9923D26E590069586C /* SceneDelegate.swift */,
				9B0A6B9D23D26E590069586C /* Main.storyboard */,
				9B0A6BA023D26E590069586C /* Assets.xcassets */,
				9B0A6BA223D26E590069586C /* LaunchScreen.storyboard */,
				9B0A6BA523D26E590069586C /* Info.plist */,
				9B0A6BB323D271B40069586C /* WeatherURLManager.swift */,
			);
			path = iOS_WeatherApp;
			sourceTree = "<group>";
		};
		9B0A6BAB23D26E660069586C /* Controllers */ = {
			isa = PBXGroup;
			children = (
				9B0A6B9B23D26E590069586C /* ViewController.swift */,
				9B0A6BAC23D26EA00069586C /* CityTableViewController.swift */,
				9B0A6BB523D275660069586C /* CityTableViewCell.swift */,
				9B0A6BBA23D2976A0069586C /* ForecastTableViewController.swift */,
				9B0A6BBC23D2998F0069586C /* ForecastTableViewCell.swift */,
			);
			path = Controllers;
			sourceTree = "<group>";
		};
		9B0A6BB723D2930C0069586C /* Model */ = {
			isa = PBXGroup;
			children = (
				9B0A6BB823D293290069586C /* ForecastData.swift */,
			);
			path = Model;
			sourceTree = "<group>";
		};
/* End PBXGroup section */

/* Begin PBXNativeTarget section */
		9B0A6B9323D26E590069586C /* iOS_WeatherApp */ = {
			isa = PBXNativeTarget;
			buildConfigurationList = 9B0A6BA823D26E590069586C /* Build configuration list for PBXNativeTarget "iOS_WeatherApp" */;
			buildPhases = (
				9B0A6B9023D26E590069586C /* Sources */,
				9B0A6B9123D26E590069586C /* Frameworks */,
				9B0A6B9223D26E590069586C /* Resources */,
			);
			buildRules = (
			);
			dependencies = (
			);
			name = iOS_WeatherApp;
			productName = iOS_WeatherApp;
			productReference = 9B0A6B9423D26E590069586C /* iOS_WeatherApp.app */;
			productType = "com.apple.product-type.application";
		};
/* End PBXNativeTarget section */

/* Begin PBXProject section */
		9B0A6B8C23D26E590069586C /* Project object */ = {
			isa = PBXProject;
			attributes = {
				LastSwiftUpdateCheck = 1130;
				LastUpgradeCheck = 1130;
				ORGANIZATIONNAME = Karan;
				TargetAttributes = {
					9B0A6B9323D26E590069586C = {
						CreatedOnToolsVersion = 11.3;
					};
				};
			};
			buildConfigurationList = 9B0A6B8F23D26E590069586C /* Build configuration list for PBXProject "iOS_WeatherApp" */;
			compatibilityVersion = "Xcode 9.3";
			developmentRegion = en;
			hasScannedForEncodings = 0;
			knownRegions = (
				en,
				Base,
			);
			mainGroup = 9B0A6B8B23D26E590069586C;
			productRefGroup = 9B0A6B9523D26E590069586C /* Products */;
			projectDirPath = "";
			projectRoot = "";
			targets = (
				9B0A6B9323D26E590069586C /* iOS_WeatherApp */,
			);
		};
/* End PBXProject section */

/* Begin PBXResourcesBuildPhase section */
		9B0A6B9223D26E590069586C /* Resources */ = {
			isa = PBXResourcesBuildPhase;
			buildActionMask = 2147483647;
			files = (
				9B0A6BA423D26E590069586C /* LaunchScreen.storyboard in Resources */,
				9B0A6BA123D26E590069586C /* Assets.xcassets in Resources */,
				9B0A6B9F23D26E590069586C /* Main.storyboard in Resources */,
			);
			runOnlyForDeploymentPostprocessing = 0;
		};
/* End PBXResourcesBuildPhase section */

/* Begin PBXSourcesBuildPhase section */
		9B0A6B9023D26E590069586C /* Sources */ = {
			isa = PBXSourcesBuildPhase;
			buildActionMask = 2147483647;
			files = (
				9B0A6BAD23D26EA00069586C /* CityTableViewController.swift in Sources */,
				9B0A6BB623D275660069586C /* CityTableViewCell.swift in Sources */,
				9B0A6B9C23D26E590069586C /* ViewController.swift in Sources */,
				9B0A6BBB23D2976A0069586C /* ForecastTableViewController.swift in Sources */,
				9B0A6BB423D271B40069586C /* WeatherURLManager.swift in Sources */,
				9B0A6B9823D26E590069586C /* AppDelegate.swift in Sources */,
				9B0A6BBD23D2998F0069586C /* ForecastTableViewCell.swift in Sources */,
				9B0A6BB223D2713F0069586C /* SwiftyJSON.swift in Sources */,
				9B0A6BB923D293290069586C /* ForecastData.swift in Sources */,
				9B0A6B9A23D26E590069586C /* SceneDelegate.swift in Sources */,
			);
			runOnlyForDeploymentPostprocessing = 0;
		};
/* End PBXSourcesBuildPhase section */

/* Begin PBXVariantGroup section */
		9B0A6B9D23D26E590069586C /* Main.storyboard */ = {
			isa = PBXVariantGroup;
			children = (
				9B0A6B9E23D26E590069586C /* Base */,
			);
			name = Main.storyboard;
			sourceTree = "<group>";
		};
		9B0A6BA223D26E590069586C /* LaunchScreen.storyboard */ = {
			isa = PBXVariantGroup;
			children = (
				9B0A6BA323D26E590069586C /* Base */,
			);
			name = LaunchScreen.storyboard;
			sourceTree = "<group>";
		};
/* End PBXVariantGroup section */

/* Begin XCBuildConfiguration section */
		9B0A6BA623D26E590069586C /* Debug */ = {
			isa = XCBuildConfiguration;
			buildSettings = {
				ALWAYS_SEARCH_USER_PATHS = NO;
				CLANG_ANALYZER_NONNULL = YES;
				CLANG_ANALYZER_NUMBER_OBJECT_CONVERSION = YES_AGGRESSIVE;
				CLANG_CXX_LANGUAGE_STANDARD = "gnu++14";
				CLANG_CXX_LIBRARY = "libc++";
				CLANG_ENABLE_MODULES = YES;
				CLANG_ENABLE_OBJC_ARC = YES;
				CLANG_ENABLE_OBJC_WEAK = YES;
				CLANG_WARN_BLOCK_CAPTURE_AUTORELEASING = YES;
				CLANG_WARN_BOOL_CONVERSION = YES;
				CLANG_WARN_COMMA = YES;
				CLANG_WARN_CONSTANT_CONVERSION = YES;
				CLANG_WARN_DEPRECATED_OBJC_IMPLEMENTATIONS = YES;
				CLANG_WARN_DIRECT_OBJC_ISA_USAGE = YES_ERROR;
				CLANG_WARN_DOCUMENTATION_COMMENTS = YES;
				CLANG_WARN_EMPTY_BODY = YES;
				CLANG_WARN_ENUM_CONVERSION = YES;
				CLANG_WARN_INFINITE_RECURSION = YES;
				CLANG_WARN_INT_CONVERSION = YES;
				CLANG_WARN_NON_LITERAL_NULL_CONVERSION = YES;
				CLANG_WARN_OBJC_IMPLICIT_RETAIN_SELF = YES;
				CLANG_WARN_OBJC_LITERAL_CONVERSION = YES;
				CLANG_WARN_OBJC_ROOT_CLASS = YES_ERROR;
				CLANG_WARN_RANGE_LOOP_ANALYSIS = YES;
				CLANG_WARN_STRICT_PROTOTYPES = YES;
				CLANG_WARN_SUSPICIOUS_MOVE = YES;
				CLANG_WARN_UNGUARDED_AVAILABILITY = YES_AGGRESSIVE;
				CLANG_WARN_UNREACHABLE_CODE = YES;
				CLANG_WARN__DUPLICATE_METHOD_MATCH = YES;
				COPY_PHASE_STRIP = NO;
				DEBUG_INFORMATION_FORMAT = dwarf;
				ENABLE_STRICT_OBJC_MSGSEND = YES;
				ENABLE_TESTABILITY = YES;
				GCC_C_LANGUAGE_STANDARD = gnu11;
				GCC_DYNAMIC_NO_PIC = NO;
				GCC_NO_COMMON_BLOCKS = YES;
				GCC_OPTIMIZATION_LEVEL = 0;
				GCC_PREPROCESSOR_DEFINITIONS = (
					"DEBUG=1",
					"$(inherited)",
				);
				GCC_WARN_64_TO_32_BIT_CONVERSION = YES;
				GCC_WARN_ABOUT_RETURN_TYPE = YES_ERROR;
				GCC_WARN_UNDECLARED_SELECTOR = YES;
				GCC_WARN_UNINITIALIZED_AUTOS = YES_AGGRESSIVE;
				GCC_WARN_UNUSED_FUNCTION = YES;
				GCC_WARN_UNUSED_VARIABLE = YES;
				IPHONEOS_DEPLOYMENT_TARGET = 13.2;
				MTL_ENABLE_DEBUG_INFO = INCLUDE_SOURCE;
				MTL_FAST_MATH = YES;
				ONLY_ACTIVE_ARCH = YES;
				SDKROOT = iphoneos;
				SWIFT_ACTIVE_COMPILATION_CONDITIONS = DEBUG;
				SWIFT_OPTIMIZATION_LEVEL = "-Onone";
			};
			name = Debug;
		};
		9B0A6BA723D26E590069586C /* Release */ = {
			isa = XCBuildConfiguration;
			buildSettings = {
				ALWAYS_SEARCH_USER_PATHS = NO;
				CLANG_ANALYZER_NONNULL = YES;
				CLANG_ANALYZER_NUMBER_OBJECT_CONVERSION = YES_AGGRESSIVE;
				CLANG_CXX_LANGUAGE_STANDARD = "gnu++14";
				CLANG_CXX_LIBRARY = "libc++";
				CLANG_ENABLE_MODULES = YES;
				CLANG_ENABLE_OBJC_ARC = YES;
				CLANG_ENABLE_OBJC_WEAK = YES;
				CLANG_WARN_BLOCK_CAPTURE_AUTORELEASING = YES;
				CLANG_WARN_BOOL_CONVERSION = YES;
				CLANG_WARN_COMMA = YES;
				CLANG_WARN_CONSTANT_CONVERSION = YES;
				CLANG_WARN_DEPRECATED_OBJC_IMPLEMENTATIONS = YES;
				CLANG_WARN_DIRECT_OBJC_ISA_USAGE = YES_ERROR;
				CLANG_WARN_DOCUMENTATION_COMMENTS = YES;
				CLANG_WARN_EMPTY_BODY = YES;
				CLANG_WARN_ENUM_CONVERSION = YES;
				CLANG_WARN_INFINITE_RECURSION = YES;
				CLANG_WARN_INT_CONVERSION = YES;
				CLANG_WARN_NON_LITERAL_NULL_CONVERSION = YES;
				CLANG_WARN_OBJC_IMPLICIT_RETAIN_SELF = YES;
				CLANG_WARN_OBJC_LITERAL_CONVERSION = YES;
				CLANG_WARN_OBJC_ROOT_CLASS = YES_ERROR;
				CLANG_WARN_RANGE_LOOP_ANALYSIS = YES;
				CLANG_WARN_STRICT_PROTOTYPES = YES;
				CLANG_WARN_SUSPICIOUS_MOVE = YES;
				CLANG_WARN_UNGUARDED_AVAILABILITY = YES_AGGRESSIVE;
				CLANG_WARN_UNREACHABLE_CODE = YES;
				CLANG_WARN__DUPLICATE_METHOD_MATCH = YES;
				COPY_PHASE_STRIP = NO;
				DEBUG_INFORMATION_FORMAT = "dwarf-with-dsym";
				ENABLE_NS_ASSERTIONS = NO;
				ENABLE_STRICT_OBJC_MSGSEND = YES;
				GCC_C_LANGUAGE_STANDARD = gnu11;
				GCC_NO_COMMON_BLOCKS = YES;
				GCC_WARN_64_TO_32_BIT_CONVERSION = YES;
				GCC_WARN_ABOUT_RETURN_TYPE = YES_ERROR;
				GCC_WARN_UNDECLARED_SELECTOR = YES;
				GCC_WARN_UNINITIALIZED_AUTOS = YES_AGGRESSIVE;
				GCC_WARN_UNUSED_FUNCTION = YES;
				GCC_WARN_UNUSED_VARIABLE = YES;
				IPHONEOS_DEPLOYMENT_TARGET = 13.2;
				MTL_ENABLE_DEBUG_INFO = NO;
				MTL_FAST_MATH = YES;
				SDKROOT = iphoneos;
				SWIFT_COMPILATION_MODE = wholemodule;
				SWIFT_OPTIMIZATION_LEVEL = "-O";
				VALIDATE_PRODUCT = YES;
			};
			name = Release;
		};
		9B0A6BA923D26E590069586C /* Debug */ = {
			isa = XCBuildConfiguration;
			buildSettings = {
				ASSETCATALOG_COMPILER_APPICON_NAME = AppIcon;
				CODE_SIGN_STYLE = Automatic;
				INFOPLIST_FILE = iOS_WeatherApp/Info.plist;
				LD_RUNPATH_SEARCH_PATHS = (
					"$(inherited)",
					"@executable_path/Frameworks",
				);
				PRODUCT_BUNDLE_IDENTIFIER = "Karan.iOS-WeatherApp";
				PRODUCT_NAME = "$(TARGET_NAME)";
				SWIFT_VERSION = 5.0;
				TARGETED_DEVICE_FAMILY = "1,2";
			};
			name = Debug;
		};
		9B0A6BAA23D26E590069586C /* Release */ = {
			isa = XCBuildConfiguration;
			buildSettings = {
				ASSETCATALOG_COMPILER_APPICON_NAME = AppIcon;
				CODE_SIGN_STYLE = Automatic;
				INFOPLIST_FILE = iOS_WeatherApp/Info.plist;
				LD_RUNPATH_SEARCH_PATHS = (
					"$(inherited)",
					"@executable_path/Frameworks",
				);
				PRODUCT_BUNDLE_IDENTIFIER = "Karan.iOS-WeatherApp";
				PRODUCT_NAME = "$(TARGET_NAME)";
				SWIFT_VERSION = 5.0;
				TARGETED_DEVICE_FAMILY = "1,2";
			};
			name = Release;
		};
/* End XCBuildConfiguration section */

/* Begin XCConfigurationList section */
		9B0A6B8F23D26E590069586C /* Build configuration list for PBXProject "iOS_WeatherApp" */ = {
			isa = XCConfigurationList;
			buildConfigurations = (
				9B0A6BA623D26E590069586C /* Debug */,
				9B0A6BA723D26E590069586C /* Release */,
			);
			defaultConfigurationIsVisible = 0;
			defaultConfigurationName = Release;
		};
		9B0A6BA823D26E590069586C /* Build configuration list for PBXNativeTarget "iOS_WeatherApp" */ = {
			isa = XCConfigurationList;
			buildConfigurations = (
				9B0A6BA923D26E590069586C /* Debug */,
				9B0A6BAA23D26E590069586C /* Release */,
			);
			defaultConfigurationIsVisible = 0;
			defaultConfigurationName = Release;
		};
/* End XCConfigurationList section */
	};
	rootObject = 9B0A6B8C23D26E590069586C /* Project object */;
}
